
Microsoft Visual Studio Solution File, Format Version 12.00
# Visual Studio 15
VisualStudioVersion = 15.0.27130.2010
MinimumVisualStudioVersion = 10.0.40219.1
Project("{FAE04EC0-301F-11D3-BF4B-00C04F79EFBC}") = "projecto01", "projecto01\projecto01.csproj", "{03F1A2CE-97D4-4C64-AAE3-BE16D3E56761}"
EndProject
Project("{FAE04EC0-301F-11D3-BF4B-00C04F79EFBC}") = "projecto02", "projecto02\projecto02.csproj", "{B080A960-B48B-4993-BEBE-94DD4F30F1A9}"
EndProject
Global
	GlobalSection(SolutionConfigurationPlatforms) = preSolution
		Debug|Any CPU = Debug|Any CPU
		Release|Any CPU = Release|Any CPU
	EndGlobalSection
	GlobalSection(ProjectConfigurationPlatforms) = postSolution
		{03F1A2CE-97D4-4C64-AAE3-BE16D3E56761}.Debug|Any CPU.ActiveCfg = Debug|Any CPU
		{03F1A2CE-97D4-4C64-AAE3-BE16D3E56761}.Debug|Any CPU.Build.0 = Debug|Any CPU
		{03F1A2CE-97D4-4C64-AAE3-BE16D3E56761}.Release|Any CPU.ActiveCfg = Release|Any CPU
		{03F1A2CE-97D4-4C64-AAE3-BE16D3E56761}.Release|Any CPU.Build.0 = Release|Any CPU
		{B080A960-B48B-4993-BEBE-94DD4F30F1A9}.Debug|Any CPU.ActiveCfg = Debug|Any CPU
		{B080A960-B48B-4993-BEBE-94DD4F30F1A9}.Debug|Any CPU.Build.0 = Debug|Any CPU
		{B080A960-B48B-4993-BEBE-94DD4F30F1A9}.Release|Any CPU.ActiveCfg = Release|Any CPU
		{B080A960-B48B-4993-BEBE-94DD4F30F1A9}.Release|Any CPU.Build.0 = Release|Any CPU
	EndGlobalSection
	GlobalSection(SolutionProperties) = preSolution
		HideSolutionNode = FALSE
	EndGlobalSection
	GlobalSection(ExtensibilityGlobals) = postSolution
		SolutionGuid = {2A0D72AC-6E88-4D55-A5F9-0A05B6712BD8}
	EndGlobalSection
EndGlobal
